// !$*UTF8*$!
{
	archiveVersion = 1;
	classes = {
	};
	objectVersion = 50;
	objects = {

/* Begin PBXBuildFile section */
		1CDE1C76D57C3CFFC1F92762 /* Pods_BBCNewsFeedTests.framework in Frameworks */ = {isa = PBXBuildFile; fileRef = E01F37CD22D91294F0CEA121 /* Pods_BBCNewsFeedTests.framework */; };
		2A8F3231A88CDE916A627B0C /* Pods_BBCNewsFeedUITests.framework in Frameworks */ = {isa = PBXBuildFile; fileRef = A0ECCE178B3C6EE755CB850A /* Pods_BBCNewsFeedUITests.framework */; };
		3F7B6E1DC6B6A212C8BF223D /* Pods_BBCNewsFeed.framework in Frameworks */ = {isa = PBXBuildFile; fileRef = 6D0196346D37CA185A58E6DA /* Pods_BBCNewsFeed.framework */; };
		494A6A6C210731F100C5E258 /* NewsFeedViewController.swift in Sources */ = {isa = PBXBuildFile; fileRef = 494A6A6B210731F100C5E258 /* NewsFeedViewController.swift */; };
		494A6A6E2107326900C5E258 /* NewsFeedDataSource.swift in Sources */ = {isa = PBXBuildFile; fileRef = 494A6A6D2107326900C5E258 /* NewsFeedDataSource.swift */; };
		494A6A722107458F00C5E258 /* UserAlertView.swift in Sources */ = {isa = PBXBuildFile; fileRef = 494A6A712107458F00C5E258 /* UserAlertView.swift */; };
		494A6A742107459C00C5E258 /* UserAlertView.xib in Resources */ = {isa = PBXBuildFile; fileRef = 494A6A732107459C00C5E258 /* UserAlertView.xib */; };
		495D7C782105E22D0082064F /* AppDelegate.swift in Sources */ = {isa = PBXBuildFile; fileRef = 495D7C772105E22D0082064F /* AppDelegate.swift */; };
		495D7C7D2105E22D0082064F /* Main.storyboard in Resources */ = {isa = PBXBuildFile; fileRef = 495D7C7B2105E22D0082064F /* Main.storyboard */; };
		495D7C7F2105E22E0082064F /* Assets.xcassets in Resources */ = {isa = PBXBuildFile; fileRef = 495D7C7E2105E22E0082064F /* Assets.xcassets */; };
		495D7C822105E22E0082064F /* LaunchScreen.storyboard in Resources */ = {isa = PBXBuildFile; fileRef = 495D7C802105E22E0082064F /* LaunchScreen.storyboard */; };
		495D7C8D2105E22E0082064F /* BBCNewsFeedTests.swift in Sources */ = {isa = PBXBuildFile; fileRef = 495D7C8C2105E22E0082064F /* BBCNewsFeedTests.swift */; };
		495D7C982105E22E0082064F /* BBCNewsFeedUITests.swift in Sources */ = {isa = PBXBuildFile; fileRef = 495D7C972105E22E0082064F /* BBCNewsFeedUITests.swift */; };
		495D7CAE2105E38A0082064F /* NewsFeedTableViewCell.swift in Sources */ = {isa = PBXBuildFile; fileRef = 495D7CAC2105E38A0082064F /* NewsFeedTableViewCell.swift */; };
		495D7CAF2105E38A0082064F /* NewsFeedTableViewCell.xib in Resources */ = {isa = PBXBuildFile; fileRef = 495D7CAD2105E38A0082064F /* NewsFeedTableViewCell.xib */; };
		495D7CB22105E76A0082064F /* NewsFeed.swift in Sources */ = {isa = PBXBuildFile; fileRef = 495D7CB12105E76A0082064F /* NewsFeed.swift */; };
		4973F16821088B4B007FAFE2 /* Command.swift in Sources */ = {isa = PBXBuildFile; fileRef = 4973F16721088B4B007FAFE2 /* Command.swift */; };
		4973F16A2108944C007FAFE2 /* Repository.swift in Sources */ = {isa = PBXBuildFile; fileRef = 4973F1692108944C007FAFE2 /* Repository.swift */; };
		49EE0EC82105FF3F00597407 /* Connectivity.swift in Sources */ = {isa = PBXBuildFile; fileRef = 49EE0EC72105FF3F00597407 /* Connectivity.swift */; };
		49EE0ECC210636D500597407 /* UIViewController.swift in Sources */ = {isa = PBXBuildFile; fileRef = 49EE0ECB210636D500597407 /* UIViewController.swift */; };
/* End PBXBuildFile section */

/* Begin PBXContainerItemProxy section */
		495D7C892105E22E0082064F /* PBXContainerItemProxy */ = {
			isa = PBXContainerItemProxy;
			containerPortal = 495D7C6C2105E22D0082064F /* Project object */;
			proxyType = 1;
			remoteGlobalIDString = 495D7C732105E22D0082064F;
			remoteInfo = BBCNewsFeed;
		};
		495D7C942105E22E0082064F /* PBXContainerItemProxy */ = {
			isa = PBXContainerItemProxy;
			containerPortal = 495D7C6C2105E22D0082064F /* Project object */;
			proxyType = 1;
			remoteGlobalIDString = 495D7C732105E22D0082064F;
			remoteInfo = BBCNewsFeed;
		};
/* End PBXContainerItemProxy section */

/* Begin PBXFileReference section */
		494A6A6B210731F100C5E258 /* NewsFeedViewController.swift */ = {isa = PBXFileReference; lastKnownFileType = sourcecode.swift; path = NewsFeedViewController.swift; sourceTree = "<group>"; };
		494A6A6D2107326900C5E258 /* NewsFeedDataSource.swift */ = {isa = PBXFileReference; lastKnownFileType = sourcecode.swift; path = NewsFeedDataSource.swift; sourceTree = "<group>"; };
		494A6A712107458F00C5E258 /* UserAlertView.swift */ = {isa = PBXFileReference; lastKnownFileType = sourcecode.swift; path = UserAlertView.swift; sourceTree = "<group>"; };
		494A6A732107459C00C5E258 /* UserAlertView.xib */ = {isa = PBXFileReference; lastKnownFileType = file.xib; path = UserAlertView.xib; sourceTree = "<group>"; };
		495D7C742105E22D0082064F /* BBCNewsFeed.app */ = {isa = PBXFileReference; explicitFileType = wrapper.application; includeInIndex = 0; path = BBCNewsFeed.app; sourceTree = BUILT_PRODUCTS_DIR; };
		495D7C772105E22D0082064F /* AppDelegate.swift */ = {isa = PBXFileReference; lastKnownFileType = sourcecode.swift; path = AppDelegate.swift; sourceTree = "<group>"; };
		495D7C7C2105E22D0082064F /* Base */ = {isa = PBXFileReference; lastKnownFileType = file.storyboard; name = Base; path = Base.lproj/Main.storyboard; sourceTree = "<group>"; };
		495D7C7E2105E22E0082064F /* Assets.xcassets */ = {isa = PBXFileReference; lastKnownFileType = folder.assetcatalog; path = Assets.xcassets; sourceTree = "<group>"; };
		495D7C812105E22E0082064F /* Base */ = {isa = PBXFileReference; lastKnownFileType = file.storyboard; name = Base; path = Base.lproj/LaunchScreen.storyboard; sourceTree = "<group>"; };
		495D7C832105E22E0082064F /* Info.plist */ = {isa = PBXFileReference; lastKnownFileType = text.plist.xml; path = Info.plist; sourceTree = "<group>"; };
		495D7C882105E22E0082064F /* BBCNewsFeedTests.xctest */ = {isa = PBXFileReference; explicitFileType = wrapper.cfbundle; includeInIndex = 0; path = BBCNewsFeedTests.xctest; sourceTree = BUILT_PRODUCTS_DIR; };
		495D7C8C2105E22E0082064F /* BBCNewsFeedTests.swift */ = {isa = PBXFileReference; lastKnownFileType = sourcecode.swift; path = BBCNewsFeedTests.swift; sourceTree = "<group>"; };
		495D7C8E2105E22E0082064F /* Info.plist */ = {isa = PBXFileReference; lastKnownFileType = text.plist.xml; path = Info.plist; sourceTree = "<group>"; };
		495D7C932105E22E0082064F /* BBCNewsFeedUITests.xctest */ = {isa = PBXFileReference; explicitFileType = wrapper.cfbundle; includeInIndex = 0; path = BBCNewsFeedUITests.xctest; sourceTree = BUILT_PRODUCTS_DIR; };
		495D7C972105E22E0082064F /* BBCNewsFeedUITests.swift */ = {isa = PBXFileReference; lastKnownFileType = sourcecode.swift; path = BBCNewsFeedUITests.swift; sourceTree = "<group>"; };
		495D7C992105E22E0082064F /* Info.plist */ = {isa = PBXFileReference; lastKnownFileType = text.plist.xml; path = Info.plist; sourceTree = "<group>"; };
		495D7CAC2105E38A0082064F /* NewsFeedTableViewCell.swift */ = {isa = PBXFileReference; lastKnownFileType = sourcecode.swift; path = NewsFeedTableViewCell.swift; sourceTree = "<group>"; };
		495D7CAD2105E38A0082064F /* NewsFeedTableViewCell.xib */ = {isa = PBXFileReference; lastKnownFileType = file.xib; path = NewsFeedTableViewCell.xib; sourceTree = "<group>"; };
		495D7CB12105E76A0082064F /* NewsFeed.swift */ = {isa = PBXFileReference; lastKnownFileType = sourcecode.swift; path = NewsFeed.swift; sourceTree = "<group>"; };
		4973F16721088B4B007FAFE2 /* Command.swift */ = {isa = PBXFileReference; lastKnownFileType = sourcecode.swift; path = Command.swift; sourceTree = "<group>"; };
		4973F1692108944C007FAFE2 /* Repository.swift */ = {isa = PBXFileReference; lastKnownFileType = sourcecode.swift; path = Repository.swift; sourceTree = "<group>"; };
		49EE0EC72105FF3F00597407 /* Connectivity.swift */ = {isa = PBXFileReference; lastKnownFileType = sourcecode.swift; path = Connectivity.swift; sourceTree = "<group>"; };
		49EE0ECB210636D500597407 /* UIViewController.swift */ = {isa = PBXFileReference; lastKnownFileType = sourcecode.swift; path = UIViewController.swift; sourceTree = "<group>"; };
		6D0196346D37CA185A58E6DA /* Pods_BBCNewsFeed.framework */ = {isa = PBXFileReference; explicitFileType = wrapper.framework; includeInIndex = 0; path = Pods_BBCNewsFeed.framework; sourceTree = BUILT_PRODUCTS_DIR; };
		78DCC88A751975BE1A54B9C7 /* Pods-BBCNewsFeedTests.release.xcconfig */ = {isa = PBXFileReference; includeInIndex = 1; lastKnownFileType = text.xcconfig; name = "Pods-BBCNewsFeedTests.release.xcconfig"; path = "Pods/Target Support Files/Pods-BBCNewsFeedTests/Pods-BBCNewsFeedTests.release.xcconfig"; sourceTree = "<group>"; };
		87BF4FC6D3E1C326393B2850 /* Pods-BBCNewsFeed.release.xcconfig */ = {isa = PBXFileReference; includeInIndex = 1; lastKnownFileType = text.xcconfig; name = "Pods-BBCNewsFeed.release.xcconfig"; path = "Pods/Target Support Files/Pods-BBCNewsFeed/Pods-BBCNewsFeed.release.xcconfig"; sourceTree = "<group>"; };
		8AE56C6F3256EC6E30BF058A /* Pods-BBCNewsFeed.debug.xcconfig */ = {isa = PBXFileReference; includeInIndex = 1; lastKnownFileType = text.xcconfig; name = "Pods-BBCNewsFeed.debug.xcconfig"; path = "Pods/Target Support Files/Pods-BBCNewsFeed/Pods-BBCNewsFeed.debug.xcconfig"; sourceTree = "<group>"; };
		9E3906EE9081C4F8160DC793 /* Pods-BBCNewsFeedUITests.debug.xcconfig */ = {isa = PBXFileReference; includeInIndex = 1; lastKnownFileType = text.xcconfig; name = "Pods-BBCNewsFeedUITests.debug.xcconfig"; path = "Pods/Target Support Files/Pods-BBCNewsFeedUITests/Pods-BBCNewsFeedUITests.debug.xcconfig"; sourceTree = "<group>"; };
		A0ECCE178B3C6EE755CB850A /* Pods_BBCNewsFeedUITests.framework */ = {isa = PBXFileReference; explicitFileType = wrapper.framework; includeInIndex = 0; path = Pods_BBCNewsFeedUITests.framework; sourceTree = BUILT_PRODUCTS_DIR; };
		B36B4BF3A8FE1710AD2A11BB /* Pods-BBCNewsFeedUITests.release.xcconfig */ = {isa = PBXFileReference; includeInIndex = 1; lastKnownFileType = text.xcconfig; name = "Pods-BBCNewsFeedUITests.release.xcconfig"; path = "Pods/Target Support Files/Pods-BBCNewsFeedUITests/Pods-BBCNewsFeedUITests.release.xcconfig"; sourceTree = "<group>"; };
		BAC5C9749F42FDE7CEABF5BA /* Pods-BBCNewsFeedTests.debug.xcconfig */ = {isa = PBXFileReference; includeInIndex = 1; lastKnownFileType = text.xcconfig; name = "Pods-BBCNewsFeedTests.debug.xcconfig"; path = "Pods/Target Support Files/Pods-BBCNewsFeedTests/Pods-BBCNewsFeedTests.debug.xcconfig"; sourceTree = "<group>"; };
		E01F37CD22D91294F0CEA121 /* Pods_BBCNewsFeedTests.framework */ = {isa = PBXFileReference; explicitFileType = wrapper.framework; includeInIndex = 0; path = Pods_BBCNewsFeedTests.framework; sourceTree = BUILT_PRODUCTS_DIR; };
/* End PBXFileReference section */

/* Begin PBXFrameworksBuildPhase section */
		495D7C712105E22D0082064F /* Frameworks */ = {
			isa = PBXFrameworksBuildPhase;
			buildActionMask = 2147483647;
			files = (
				3F7B6E1DC6B6A212C8BF223D /* Pods_BBCNewsFeed.framework in Frameworks */,
			);
			runOnlyForDeploymentPostprocessing = 0;
		};
		495D7C852105E22E0082064F /* Frameworks */ = {
			isa = PBXFrameworksBuildPhase;
			buildActionMask = 2147483647;
			files = (
				1CDE1C76D57C3CFFC1F92762 /* Pods_BBCNewsFeedTests.framework in Frameworks */,
			);
			runOnlyForDeploymentPostprocessing = 0;
		};
		495D7C902105E22E0082064F /* Frameworks */ = {
			isa = PBXFrameworksBuildPhase;
			buildActionMask = 2147483647;
			files = (
				2A8F3231A88CDE916A627B0C /* Pods_BBCNewsFeedUITests.framework in Frameworks */,
			);
			runOnlyForDeploymentPostprocessing = 0;
		};
/* End PBXFrameworksBuildPhase section */

/* Begin PBXGroup section */
		494A6A6F2107326C00C5E258 /* DataSource */ = {
			isa = PBXGroup;
			children = (
				494A6A6D2107326900C5E258 /* NewsFeedDataSource.swift */,
			);
			path = DataSource;
			sourceTree = "<group>";
		};
		494A6A702107456500C5E258 /* Custom View */ = {
			isa = PBXGroup;
			children = (
				494A6A712107458F00C5E258 /* UserAlertView.swift */,
				494A6A732107459C00C5E258 /* UserAlertView.xib */,
			);
			path = "Custom View";
			sourceTree = "<group>";
		};
		495D7C6B2105E22D0082064F = {
			isa = PBXGroup;
			children = (
				495D7C762105E22D0082064F /* BBCNewsFeed */,
				495D7C8B2105E22E0082064F /* BBCNewsFeedTests */,
				495D7C962105E22E0082064F /* BBCNewsFeedUITests */,
				495D7C752105E22D0082064F /* Products */,
				9C848778A502FCC4F67B863D /* Pods */,
				7144A3C39BB2A01FB2B88D64 /* Frameworks */,
			);
			sourceTree = "<group>";
		};
		495D7C752105E22D0082064F /* Products */ = {
			isa = PBXGroup;
			children = (
				495D7C742105E22D0082064F /* BBCNewsFeed.app */,
				495D7C882105E22E0082064F /* BBCNewsFeedTests.xctest */,
				495D7C932105E22E0082064F /* BBCNewsFeedUITests.xctest */,
			);
			name = Products;
			sourceTree = "<group>";
		};
		495D7C762105E22D0082064F /* BBCNewsFeed */ = {
			isa = PBXGroup;
			children = (
				494A6A702107456500C5E258 /* Custom View */,
				49EE0ECA210636C500597407 /* Extensions */,
				49EE0EC62105FF2800597407 /* Utils */,
				495D7CA62105E2480082064F /* View */,
				495D7CA52105E23E0082064F /* Controller */,
				495D7C772105E22D0082064F /* AppDelegate.swift */,
				495D7C7E2105E22E0082064F /* Assets.xcassets */,
				495D7C802105E22E0082064F /* LaunchScreen.storyboard */,
				495D7C832105E22E0082064F /* Info.plist */,
			);
			path = BBCNewsFeed;
			sourceTree = "<group>";
		};
		495D7C8B2105E22E0082064F /* BBCNewsFeedTests */ = {
			isa = PBXGroup;
			children = (
				495D7C8C2105E22E0082064F /* BBCNewsFeedTests.swift */,
				495D7C8E2105E22E0082064F /* Info.plist */,
			);
			path = BBCNewsFeedTests;
			sourceTree = "<group>";
		};
		495D7C962105E22E0082064F /* BBCNewsFeedUITests */ = {
			isa = PBXGroup;
			children = (
				495D7C972105E22E0082064F /* BBCNewsFeedUITests.swift */,
				495D7C992105E22E0082064F /* Info.plist */,
			);
			path = BBCNewsFeedUITests;
			sourceTree = "<group>";
		};
		495D7CA52105E23E0082064F /* Controller */ = {
			isa = PBXGroup;
			children = (
				494A6A6F2107326C00C5E258 /* DataSource */,
				495D7CAA2105E36D0082064F /* OnlineNewsFeed */,
				494A6A6B210731F100C5E258 /* NewsFeedViewController.swift */,
			);
			path = Controller;
			sourceTree = "<group>";
		};
		495D7CA62105E2480082064F /* View */ = {
			isa = PBXGroup;
			children = (
				495D7C7B2105E22D0082064F /* Main.storyboard */,
			);
			path = View;
			sourceTree = "<group>";
		};
		495D7CAA2105E36D0082064F /* OnlineNewsFeed */ = {
			isa = PBXGroup;
			children = (
				495D7CB02105E75A0082064F /* Model */,
				495D7CAB2105E3770082064F /* Cell */,
			);
			path = OnlineNewsFeed;
			sourceTree = "<group>";
		};
		495D7CAB2105E3770082064F /* Cell */ = {
			isa = PBXGroup;
			children = (
				495D7CAC2105E38A0082064F /* NewsFeedTableViewCell.swift */,
				495D7CAD2105E38A0082064F /* NewsFeedTableViewCell.xib */,
			);
			path = Cell;
			sourceTree = "<group>";
		};
		495D7CB02105E75A0082064F /* Model */ = {
			isa = PBXGroup;
			children = (
				495D7CB12105E76A0082064F /* NewsFeed.swift */,
				4973F16721088B4B007FAFE2 /* Command.swift */,
				4973F1692108944C007FAFE2 /* Repository.swift */,
			);
			path = Model;
			sourceTree = "<group>";
		};
		49EE0EC62105FF2800597407 /* Utils */ = {
			isa = PBXGroup;
			children = (
				49EE0EC72105FF3F00597407 /* Connectivity.swift */,
			);
			path = Utils;
			sourceTree = "<group>";
		};
		49EE0ECA210636C500597407 /* Extensions */ = {
			isa = PBXGroup;
			children = (
				49EE0ECB210636D500597407 /* UIViewController.swift */,
			);
			path = Extensions;
			sourceTree = "<group>";
		};
		7144A3C39BB2A01FB2B88D64 /* Frameworks */ = {
			isa = PBXGroup;
			children = (
				6D0196346D37CA185A58E6DA /* Pods_BBCNewsFeed.framework */,
				E01F37CD22D91294F0CEA121 /* Pods_BBCNewsFeedTests.framework */,
				A0ECCE178B3C6EE755CB850A /* Pods_BBCNewsFeedUITests.framework */,
			);
			name = Frameworks;
			sourceTree = "<group>";
		};
		9C848778A502FCC4F67B863D /* Pods */ = {
			isa = PBXGroup;
			children = (
				8AE56C6F3256EC6E30BF058A /* Pods-BBCNewsFeed.debug.xcconfig */,
				87BF4FC6D3E1C326393B2850 /* Pods-BBCNewsFeed.release.xcconfig */,
				BAC5C9749F42FDE7CEABF5BA /* Pods-BBCNewsFeedTests.debug.xcconfig */,
				78DCC88A751975BE1A54B9C7 /* Pods-BBCNewsFeedTests.release.xcconfig */,
				9E3906EE9081C4F8160DC793 /* Pods-BBCNewsFeedUITests.debug.xcconfig */,
				B36B4BF3A8FE1710AD2A11BB /* Pods-BBCNewsFeedUITests.release.xcconfig */,
			);
			name = Pods;
			sourceTree = "<group>";
		};
/* End PBXGroup section */

/* Begin PBXNativeTarget section */
		495D7C732105E22D0082064F /* BBCNewsFeed */ = {
			isa = PBXNativeTarget;
			buildConfigurationList = 495D7C9C2105E22E0082064F /* Build configuration list for PBXNativeTarget "BBCNewsFeed" */;
			buildPhases = (
				18C5304D3DACF2D8C6BC072B /* [CP] Check Pods Manifest.lock */,
				495D7C702105E22D0082064F /* Sources */,
				495D7C712105E22D0082064F /* Frameworks */,
				495D7C722105E22D0082064F /* Resources */,
				643A08982361AC59C9A2A92F /* [CP] Embed Pods Frameworks */,
			);
			buildRules = (
			);
			dependencies = (
			);
			name = BBCNewsFeed;
			productName = BBCNewsFeed;
			productReference = 495D7C742105E22D0082064F /* BBCNewsFeed.app */;
			productType = "com.apple.product-type.application";
		};
		495D7C872105E22E0082064F /* BBCNewsFeedTests */ = {
			isa = PBXNativeTarget;
			buildConfigurationList = 495D7C9F2105E22E0082064F /* Build configuration list for PBXNativeTarget "BBCNewsFeedTests" */;
			buildPhases = (
				F23C313D8555648C0164A1C5 /* [CP] Check Pods Manifest.lock */,
				495D7C842105E22E0082064F /* Sources */,
				495D7C852105E22E0082064F /* Frameworks */,
				495D7C862105E22E0082064F /* Resources */,
			);
			buildRules = (
			);
			dependencies = (
				495D7C8A2105E22E0082064F /* PBXTargetDependency */,
			);
			name = BBCNewsFeedTests;
			productName = BBCNewsFeedTests;
			productReference = 495D7C882105E22E0082064F /* BBCNewsFeedTests.xctest */;
			productType = "com.apple.product-type.bundle.unit-test";
		};
		495D7C922105E22E0082064F /* BBCNewsFeedUITests */ = {
			isa = PBXNativeTarget;
			buildConfigurationList = 495D7CA22105E22E0082064F /* Build configuration list for PBXNativeTarget "BBCNewsFeedUITests" */;
			buildPhases = (
				4F6CB914FF02C88039DF3466 /* [CP] Check Pods Manifest.lock */,
				495D7C8F2105E22E0082064F /* Sources */,
				495D7C902105E22E0082064F /* Frameworks */,
				495D7C912105E22E0082064F /* Resources */,
			);
			buildRules = (
			);
			dependencies = (
				495D7C952105E22E0082064F /* PBXTargetDependency */,
			);
			name = BBCNewsFeedUITests;
			productName = BBCNewsFeedUITests;
			productReference = 495D7C932105E22E0082064F /* BBCNewsFeedUITests.xctest */;
			productType = "com.apple.product-type.bundle.ui-testing";
		};
/* End PBXNativeTarget section */

/* Begin PBXProject section */
		495D7C6C2105E22D0082064F /* Project object */ = {
			isa = PBXProject;
			attributes = {
				LastSwiftUpdateCheck = 0940;
				LastUpgradeCheck = 0940;
				ORGANIZATIONNAME = "Rodrigo Vianna";
				TargetAttributes = {
					495D7C732105E22D0082064F = {
						CreatedOnToolsVersion = 9.4.1;
					};
					495D7C872105E22E0082064F = {
						CreatedOnToolsVersion = 9.4.1;
						TestTargetID = 495D7C732105E22D0082064F;
					};
					495D7C922105E22E0082064F = {
						CreatedOnToolsVersion = 9.4.1;
						TestTargetID = 495D7C732105E22D0082064F;
					};
				};
			};
			buildConfigurationList = 495D7C6F2105E22D0082064F /* Build configuration list for PBXProject "BBCNewsFeed" */;
			compatibilityVersion = "Xcode 9.3";
			developmentRegion = en;
			hasScannedForEncodings = 0;
			knownRegions = (
				en,
				Base,
			);
			mainGroup = 495D7C6B2105E22D0082064F;
			productRefGroup = 495D7C752105E22D0082064F /* Products */;
			projectDirPath = "";
			projectRoot = "";
			targets = (
				495D7C732105E22D0082064F /* BBCNewsFeed */,
				495D7C872105E22E0082064F /* BBCNewsFeedTests */,
				495D7C922105E22E0082064F /* BBCNewsFeedUITests */,
			);
		};
/* End PBXProject section */

/* Begin PBXResourcesBuildPhase section */
		495D7C722105E22D0082064F /* Resources */ = {
			isa = PBXResourcesBuildPhase;
			buildActionMask = 2147483647;
			files = (
				495D7C822105E22E0082064F /* LaunchScreen.storyboard in Resources */,
				495D7C7F2105E22E0082064F /* Assets.xcassets in Resources */,
				495D7CAF2105E38A0082064F /* NewsFeedTableViewCell.xib in Resources */,
				494A6A742107459C00C5E258 /* UserAlertView.xib in Resources */,
				495D7C7D2105E22D0082064F /* Main.storyboard in Resources */,
			);
			runOnlyForDeploymentPostprocessing = 0;
		};
		495D7C862105E22E0082064F /* Resources */ = {
			isa = PBXResourcesBuildPhase;
			buildActionMask = 2147483647;
			files = (
			);
			runOnlyForDeploymentPostprocessing = 0;
		};
		495D7C912105E22E0082064F /* Resources */ = {
			isa = PBXResourcesBuildPhase;
			buildActionMask = 2147483647;
			files = (
			);
			runOnlyForDeploymentPostprocessing = 0;
		};
/* End PBXResourcesBuildPhase section */

/* Begin PBXShellScriptBuildPhase section */
		18C5304D3DACF2D8C6BC072B /* [CP] Check Pods Manifest.lock */ = {
			isa = PBXShellScriptBuildPhase;
			buildActionMask = 2147483647;
			files = (
			);
			inputPaths = (
				"${PODS_PODFILE_DIR_PATH}/Podfile.lock",
				"${PODS_ROOT}/Manifest.lock",
			);
			name = "[CP] Check Pods Manifest.lock";
			outputPaths = (
				"$(DERIVED_FILE_DIR)/Pods-BBCNewsFeed-checkManifestLockResult.txt",
			);
			runOnlyForDeploymentPostprocessing = 0;
			shellPath = /bin/sh;
			shellScript = "diff \"${PODS_PODFILE_DIR_PATH}/Podfile.lock\" \"${PODS_ROOT}/Manifest.lock\" > /dev/null\nif [ $? != 0 ] ; then\n    # print error to STDERR\n    echo \"error: The sandbox is not in sync with the Podfile.lock. Run 'pod install' or update your CocoaPods installation.\" >&2\n    exit 1\nfi\n# This output is used by Xcode 'outputs' to avoid re-running this script phase.\necho \"SUCCESS\" > \"${SCRIPT_OUTPUT_FILE_0}\"\n";
			showEnvVarsInLog = 0;
		};
		4F6CB914FF02C88039DF3466 /* [CP] Check Pods Manifest.lock */ = {
			isa = PBXShellScriptBuildPhase;
			buildActionMask = 2147483647;
			files = (
			);
			inputPaths = (
				"${PODS_PODFILE_DIR_PATH}/Podfile.lock",
				"${PODS_ROOT}/Manifest.lock",
			);
			name = "[CP] Check Pods Manifest.lock";
			outputPaths = (
				"$(DERIVED_FILE_DIR)/Pods-BBCNewsFeedUITests-checkManifestLockResult.txt",
			);
			runOnlyForDeploymentPostprocessing = 0;
			shellPath = /bin/sh;
			shellScript = "diff \"${PODS_PODFILE_DIR_PATH}/Podfile.lock\" \"${PODS_ROOT}/Manifest.lock\" > /dev/null\nif [ $? != 0 ] ; then\n    # print error to STDERR\n    echo \"error: The sandbox is not in sync with the Podfile.lock. Run 'pod install' or update your CocoaPods installation.\" >&2\n    exit 1\nfi\n# This output is used by Xcode 'outputs' to avoid re-running this script phase.\necho \"SUCCESS\" > \"${SCRIPT_OUTPUT_FILE_0}\"\n";
			showEnvVarsInLog = 0;
		};
		643A08982361AC59C9A2A92F /* [CP] Embed Pods Frameworks */ = {
			isa = PBXShellScriptBuildPhase;
			buildActionMask = 2147483647;
			files = (
			);
			inputPaths = (
				"${SRCROOT}/Pods/Target Support Files/Pods-BBCNewsFeed/Pods-BBCNewsFeed-frameworks.sh",
				"${BUILT_PRODUCTS_DIR}/Alamofire/Alamofire.framework",
				"${BUILT_PRODUCTS_DIR}/SWXMLHash/SWXMLHash.framework",
			);
			name = "[CP] Embed Pods Frameworks";
			outputPaths = (
				"${TARGET_BUILD_DIR}/${FRAMEWORKS_FOLDER_PATH}/Alamofire.framework",
				"${TARGET_BUILD_DIR}/${FRAMEWORKS_FOLDER_PATH}/SWXMLHash.framework",
			);
			runOnlyForDeploymentPostprocessing = 0;
			shellPath = /bin/sh;
			shellScript = "\"${SRCROOT}/Pods/Target Support Files/Pods-BBCNewsFeed/Pods-BBCNewsFeed-frameworks.sh\"\n";
			showEnvVarsInLog = 0;
		};
		F23C313D8555648C0164A1C5 /* [CP] Check Pods Manifest.lock */ = {
			isa = PBXShellScriptBuildPhase;
			buildActionMask = 2147483647;
			files = (
			);
			inputPaths = (
				"${PODS_PODFILE_DIR_PATH}/Podfile.lock",
				"${PODS_ROOT}/Manifest.lock",
			);
			name = "[CP] Check Pods Manifest.lock";
			outputPaths = (
				"$(DERIVED_FILE_DIR)/Pods-BBCNewsFeedTests-checkManifestLockResult.txt",
			);
			runOnlyForDeploymentPostprocessing = 0;
			shellPath = /bin/sh;
			shellScript = "diff \"${PODS_PODFILE_DIR_PATH}/Podfile.lock\" \"${PODS_ROOT}/Manifest.lock\" > /dev/null\nif [ $? != 0 ] ; then\n    # print error to STDERR\n    echo \"error: The sandbox is not in sync with the Podfile.lock. Run 'pod install' or update your CocoaPods installation.\" >&2\n    exit 1\nfi\n# This output is used by Xcode 'outputs' to avoid re-running this script phase.\necho \"SUCCESS\" > \"${SCRIPT_OUTPUT_FILE_0}\"\n";
			showEnvVarsInLog = 0;
		};
/* End PBXShellScriptBuildPhase section */

/* Begin PBXSourcesBuildPhase section */
		495D7C702105E22D0082064F /* Sources */ = {
			isa = PBXSourcesBuildPhase;
			buildActionMask = 2147483647;
			files = (
				494A6A722107458F00C5E258 /* UserAlertView.swift in Sources */,
				495D7C782105E22D0082064F /* AppDelegate.swift in Sources */,
				49EE0ECC210636D500597407 /* UIViewController.swift in Sources */,
				495D7CB22105E76A0082064F /* NewsFeed.swift in Sources */,
				495D7CAE2105E38A0082064F /* NewsFeedTableViewCell.swift in Sources */,
				4973F16821088B4B007FAFE2 /* Command.swift in Sources */,
				49EE0EC82105FF3F00597407 /* Connectivity.swift in Sources */,
				4973F16A2108944C007FAFE2 /* Repository.swift in Sources */,
				494A6A6C210731F100C5E258 /* NewsFeedViewController.swift in Sources */,
				494A6A6E2107326900C5E258 /* NewsFeedDataSource.swift in Sources */,
			);
			runOnlyForDeploymentPostprocessing = 0;
		};
		495D7C842105E22E0082064F /* Sources */ = {
			isa = PBXSourcesBuildPhase;
			buildActionMask = 2147483647;
			files = (
				495D7C8D2105E22E0082064F /* BBCNewsFeedTests.swift in Sources */,
			);
			runOnlyForDeploymentPostprocessing = 0;
		};
		495D7C8F2105E22E0082064F /* Sources */ = {
			isa = PBXSourcesBuildPhase;
			buildActionMask = 2147483647;
			files = (
				495D7C982105E22E0082064F /* BBCNewsFeedUITests.swift in Sources */,
			);
			runOnlyForDeploymentPostprocessing = 0;
		};
/* End PBXSourcesBuildPhase section */

/* Begin PBXTargetDependency section */
		495D7C8A2105E22E0082064F /* PBXTargetDependency */ = {
			isa = PBXTargetDependency;
			target = 495D7C732105E22D0082064F /* BBCNewsFeed */;
			targetProxy = 495D7C892105E22E0082064F /* PBXContainerItemProxy */;
		};
		495D7C952105E22E0082064F /* PBXTargetDependency */ = {
			isa = PBXTargetDependency;
			target = 495D7C732105E22D0082064F /* BBCNewsFeed */;
			targetProxy = 495D7C942105E22E0082064F /* PBXContainerItemProxy */;
		};
/* End PBXTargetDependency section */

/* Begin PBXVariantGroup section */
		495D7C7B2105E22D0082064F /* Main.storyboard */ = {
			isa = PBXVariantGroup;
			children = (
				495D7C7C2105E22D0082064F /* Base */,
			);
			name = Main.storyboard;
			sourceTree = "<group>";
		};
		495D7C802105E22E0082064F /* LaunchScreen.storyboard */ = {
			isa = PBXVariantGroup;
			children = (
				495D7C812105E22E0082064F /* Base */,
			);
			name = LaunchScreen.storyboard;
			sourceTree = "<group>";
		};
/* End PBXVariantGroup section */

/* Begin XCBuildConfiguration section */
		495D7C9A2105E22E0082064F /* Debug */ = {
			isa = XCBuildConfiguration;
			buildSettings = {
				ALWAYS_SEARCH_USER_PATHS = NO;
				CLANG_ANALYZER_NONNULL = YES;
				CLANG_ANALYZER_NUMBER_OBJECT_CONVERSION = YES_AGGRESSIVE;
				CLANG_CXX_LANGUAGE_STANDARD = "gnu++14";
				CLANG_CXX_LIBRARY = "libc++";
				CLANG_ENABLE_MODULES = YES;
				CLANG_ENABLE_OBJC_ARC = YES;
				CLANG_ENABLE_OBJC_WEAK = YES;
				CLANG_WARN_BLOCK_CAPTURE_AUTORELEASING = YES;
				CLANG_WARN_BOOL_CONVERSION = YES;
				CLANG_WARN_COMMA = YES;
				CLANG_WARN_CONSTANT_CONVERSION = YES;
				CLANG_WARN_DEPRECATED_OBJC_IMPLEMENTATIONS = YES;
				CLANG_WARN_DIRECT_OBJC_ISA_USAGE = YES_ERROR;
				CLANG_WARN_DOCUMENTATION_COMMENTS = YES;
				CLANG_WARN_EMPTY_BODY = YES;
				CLANG_WARN_ENUM_CONVERSION = YES;
				CLANG_WARN_INFINITE_RECURSION = YES;
				CLANG_WARN_INT_CONVERSION = YES;
				CLANG_WARN_NON_LITERAL_NULL_CONVERSION = YES;
				CLANG_WARN_OBJC_IMPLICIT_RETAIN_SELF = YES;
				CLANG_WARN_OBJC_LITERAL_CONVERSION = YES;
				CLANG_WARN_OBJC_ROOT_CLASS = YES_ERROR;
				CLANG_WARN_RANGE_LOOP_ANALYSIS = YES;
				CLANG_WARN_STRICT_PROTOTYPES = YES;
				CLANG_WARN_SUSPICIOUS_MOVE = YES;
				CLANG_WARN_UNGUARDED_AVAILABILITY = YES_AGGRESSIVE;
				CLANG_WARN_UNREACHABLE_CODE = YES;
				CLANG_WARN__DUPLICATE_METHOD_MATCH = YES;
				CODE_SIGN_IDENTITY = "iPhone Developer";
				COPY_PHASE_STRIP = NO;
				DEBUG_INFORMATION_FORMAT = dwarf;
				ENABLE_STRICT_OBJC_MSGSEND = YES;
				ENABLE_TESTABILITY = YES;
				GCC_C_LANGUAGE_STANDARD = gnu11;
				GCC_DYNAMIC_NO_PIC = NO;
				GCC_NO_COMMON_BLOCKS = YES;
				GCC_OPTIMIZATION_LEVEL = 0;
				GCC_PREPROCESSOR_DEFINITIONS = (
					"DEBUG=1",
					"$(inherited)",
				);
				GCC_WARN_64_TO_32_BIT_CONVERSION = YES;
				GCC_WARN_ABOUT_RETURN_TYPE = YES_ERROR;
				GCC_WARN_UNDECLARED_SELECTOR = YES;
				GCC_WARN_UNINITIALIZED_AUTOS = YES_AGGRESSIVE;
				GCC_WARN_UNUSED_FUNCTION = YES;
				GCC_WARN_UNUSED_VARIABLE = YES;
				IPHONEOS_DEPLOYMENT_TARGET = 11.4;
				MTL_ENABLE_DEBUG_INFO = YES;
				ONLY_ACTIVE_ARCH = YES;
				SDKROOT = iphoneos;
				SWIFT_ACTIVE_COMPILATION_CONDITIONS = DEBUG;
				SWIFT_OPTIMIZATION_LEVEL = "-Onone";
			};
			name = Debug;
		};
		495D7C9B2105E22E0082064F /* Release */ = {
			isa = XCBuildConfiguration;
			buildSettings = {
				ALWAYS_SEARCH_USER_PATHS = NO;
				CLANG_ANALYZER_NONNULL = YES;
				CLANG_ANALYZER_NUMBER_OBJECT_CONVERSION = YES_AGGRESSIVE;
				CLANG_CXX_LANGUAGE_STANDARD = "gnu++14";
				CLANG_CXX_LIBRARY = "libc++";
				CLANG_ENABLE_MODULES = YES;
				CLANG_ENABLE_OBJC_ARC = YES;
				CLANG_ENABLE_OBJC_WEAK = YES;
				CLANG_WARN_BLOCK_CAPTURE_AUTORELEASING = YES;
				CLANG_WARN_BOOL_CONVERSION = YES;
				CLANG_WARN_COMMA = YES;
				CLANG_WARN_CONSTANT_CONVERSION = YES;
				CLANG_WARN_DEPRECATED_OBJC_IMPLEMENTATIONS = YES;
				CLANG_WARN_DIRECT_OBJC_ISA_USAGE = YES_ERROR;
				CLANG_WARN_DOCUMENTATION_COMMENTS = YES;
				CLANG_WARN_EMPTY_BODY = YES;
				CLANG_WARN_ENUM_CONVERSION = YES;
				CLANG_WARN_INFINITE_RECURSION = YES;
				CLANG_WARN_INT_CONVERSION = YES;
				CLANG_WARN_NON_LITERAL_NULL_CONVERSION = YES;
				CLANG_WARN_OBJC_IMPLICIT_RETAIN_SELF = YES;
				CLANG_WARN_OBJC_LITERAL_CONVERSION = YES;
				CLANG_WARN_OBJC_ROOT_CLASS = YES_ERROR;
				CLANG_WARN_RANGE_LOOP_ANALYSIS = YES;
				CLANG_WARN_STRICT_PROTOTYPES = YES;
				CLANG_WARN_SUSPICIOUS_MOVE = YES;
				CLANG_WARN_UNGUARDED_AVAILABILITY = YES_AGGRESSIVE;
				CLANG_WARN_UNREACHABLE_CODE = YES;
				CLANG_WARN__DUPLICATE_METHOD_MATCH = YES;
				CODE_SIGN_IDENTITY = "iPhone Developer";
				COPY_PHASE_STRIP = NO;
				DEBUG_INFORMATION_FORMAT = "dwarf-with-dsym";
				ENABLE_NS_ASSERTIONS = NO;
				ENABLE_STRICT_OBJC_MSGSEND = YES;
				GCC_C_LANGUAGE_STANDARD = gnu11;
				GCC_NO_COMMON_BLOCKS = YES;
				GCC_WARN_64_TO_32_BIT_CONVERSION = YES;
				GCC_WARN_ABOUT_RETURN_TYPE = YES_ERROR;
				GCC_WARN_UNDECLARED_SELECTOR = YES;
				GCC_WARN_UNINITIALIZED_AUTOS = YES_AGGRESSIVE;
				GCC_WARN_UNUSED_FUNCTION = YES;
				GCC_WARN_UNUSED_VARIABLE = YES;
				IPHONEOS_DEPLOYMENT_TARGET = 11.4;
				MTL_ENABLE_DEBUG_INFO = NO;
				SDKROOT = iphoneos;
				SWIFT_COMPILATION_MODE = wholemodule;
				SWIFT_OPTIMIZATION_LEVEL = "-O";
				VALIDATE_PRODUCT = YES;
			};
			name = Release;
		};
		495D7C9D2105E22E0082064F /* Debug */ = {
			isa = XCBuildConfiguration;
			baseConfigurationReference = 8AE56C6F3256EC6E30BF058A /* Pods-BBCNewsFeed.debug.xcconfig */;
			buildSettings = {
				ASSETCATALOG_COMPILER_APPICON_NAME = AppIcon;
				CODE_SIGN_STYLE = Automatic;
				DEVELOPMENT_TEAM = W2EVZPD948;
				INFOPLIST_FILE = BBCNewsFeed/Info.plist;
				LD_RUNPATH_SEARCH_PATHS = (
					"$(inherited)",
					"@executable_path/Frameworks",
				);
				PRODUCT_BUNDLE_IDENTIFIER = com.br.BBCNewsFeed;
				PRODUCT_NAME = "$(TARGET_NAME)";
				SWIFT_VERSION = 4.0;
				TARGETED_DEVICE_FAMILY = "1,2";
			};
			name = Debug;
		};
		495D7C9E2105E22E0082064F /* Release */ = {
			isa = XCBuildConfiguration;
			baseConfigurationReference = 87BF4FC6D3E1C326393B2850 /* Pods-BBCNewsFeed.release.xcconfig */;
			buildSettings = {
				ASSETCATALOG_COMPILER_APPICON_NAME = AppIcon;
				CODE_SIGN_STYLE = Automatic;
				DEVELOPMENT_TEAM = W2EVZPD948;
				INFOPLIST_FILE = BBCNewsFeed/Info.plist;
				LD_RUNPATH_SEARCH_PATHS = (
					"$(inherited)",
					"@executable_path/Frameworks",
				);
				PRODUCT_BUNDLE_IDENTIFIER = com.br.BBCNewsFeed;
				PRODUCT_NAME = "$(TARGET_NAME)";
				SWIFT_VERSION = 4.0;
				TARGETED_DEVICE_FAMILY = "1,2";
			};
			name = Release;
		};
		495D7CA02105E22E0082064F /* Debug */ = {
			isa = XCBuildConfiguration;
			baseConfigurationReference = BAC5C9749F42FDE7CEABF5BA /* Pods-BBCNewsFeedTests.debug.xcconfig */;
			buildSettings = {
				ALWAYS_EMBED_SWIFT_STANDARD_LIBRARIES = YES;
				BUNDLE_LOADER = "$(TEST_HOST)";
				CODE_SIGN_STYLE = Automatic;
				DEVELOPMENT_TEAM = W2EVZPD948;
				INFOPLIST_FILE = BBCNewsFeedTests/Info.plist;
				LD_RUNPATH_SEARCH_PATHS = (
					"$(inherited)",
					"@executable_path/Frameworks",
					"@loader_path/Frameworks",
				);
				PRODUCT_BUNDLE_IDENTIFIER = com.br.BBCNewsFeedTests;
				PRODUCT_NAME = "$(TARGET_NAME)";
				SWIFT_VERSION = 4.0;
				TARGETED_DEVICE_FAMILY = "1,2";
				TEST_HOST = "$(BUILT_PRODUCTS_DIR)/BBCNewsFeed.app/BBCNewsFeed";
			};
			name = Debug;
		};
		495D7CA12105E22E0082064F /* Release */ = {
			isa = XCBuildConfiguration;
			baseConfigurationReference = 78DCC88A751975BE1A54B9C7 /* Pods-BBCNewsFeedTests.release.xcconfig */;
			buildSettings = {
				ALWAYS_EMBED_SWIFT_STANDARD_LIBRARIES = YES;
				BUNDLE_LOADER = "$(TEST_HOST)";
				CODE_SIGN_STYLE = Automatic;
				DEVELOPMENT_TEAM = W2EVZPD948;
				INFOPLIST_FILE = BBCNewsFeedTests/Info.plist;
				LD_RUNPATH_SEARCH_PATHS = (
					"$(inherited)",
					"@executable_path/Frameworks",
					"@loader_path/Frameworks",
				);
				PRODUCT_BUNDLE_IDENTIFIER = com.br.BBCNewsFeedTests;
				PRODUCT_NAME = "$(TARGET_NAME)";
				SWIFT_VERSION = 4.0;
				TARGETED_DEVICE_FAMILY = "1,2";
				TEST_HOST = "$(BUILT_PRODUCTS_DIR)/BBCNewsFeed.app/BBCNewsFeed";
			};
			name = Release;
		};
		495D7CA32105E22E0082064F /* Debug */ = {
			isa = XCBuildConfiguration;
			baseConfigurationReference = 9E3906EE9081C4F8160DC793 /* Pods-BBCNewsFeedUITests.debug.xcconfig */;
			buildSettings = {
				ALWAYS_EMBED_SWIFT_STANDARD_LIBRARIES = YES;
				CODE_SIGN_STYLE = Automatic;
				DEVELOPMENT_TEAM = W2EVZPD948;
				INFOPLIST_FILE = BBCNewsFeedUITests/Info.plist;
				LD_RUNPATH_SEARCH_PATHS = (
					"$(inherited)",
					"@executable_path/Frameworks",
					"@loader_path/Frameworks",
				);
				PRODUCT_BUNDLE_IDENTIFIER = com.br.BBCNewsFeedUITests;
				PRODUCT_NAME = "$(TARGET_NAME)";
				SWIFT_VERSION = 4.0;
				TARGETED_DEVICE_FAMILY = "1,2";
				TEST_TARGET_NAME = BBCNewsFeed;
			};
			name = Debug;
		};
		495D7CA42105E22E0082064F /* Release */ = {
			isa = XCBuildConfiguration;
			baseConfigurationReference = B36B4BF3A8FE1710AD2A11BB /* Pods-BBCNewsFeedUITests.release.xcconfig */;
			buildSettings = {
				ALWAYS_EMBED_SWIFT_STANDARD_LIBRARIES = YES;
				CODE_SIGN_STYLE = Automatic;
				DEVELOPMENT_TEAM = W2EVZPD948;
				INFOPLIST_FILE = BBCNewsFeedUITests/Info.plist;
				LD_RUNPATH_SEARCH_PATHS = (
					"$(inherited)",
					"@executable_path/Frameworks",
					"@loader_path/Frameworks",
				);
				PRODUCT_BUNDLE_IDENTIFIER = com.br.BBCNewsFeedUITests;
				PRODUCT_NAME = "$(TARGET_NAME)";
				SWIFT_VERSION = 4.0;
				TARGETED_DEVICE_FAMILY = "1,2";
				TEST_TARGET_NAME = BBCNewsFeed;
			};
			name = Release;
		};
/* End XCBuildConfiguration section */

/* Begin XCConfigurationList section */
		495D7C6F2105E22D0082064F /* Build configuration list for PBXProject "BBCNewsFeed" */ = {
			isa = XCConfigurationList;
			buildConfigurations = (
				495D7C9A2105E22E0082064F /* Debug */,
				495D7C9B2105E22E0082064F /* Release */,
			);
			defaultConfigurationIsVisible = 0;
			defaultConfigurationName = Release;
		};
		495D7C9C2105E22E0082064F /* Build configuration list for PBXNativeTarget "BBCNewsFeed" */ = {
			isa = XCConfigurationList;
			buildConfigurations = (
				495D7C9D2105E22E0082064F /* Debug */,
				495D7C9E2105E22E0082064F /* Release */,
			);
			defaultConfigurationIsVisible = 0;
			defaultConfigurationName = Release;
		};
		495D7C9F2105E22E0082064F /* Build configuration list for PBXNativeTarget "BBCNewsFeedTests" */ = {
			isa = XCConfigurationList;
			buildConfigurations = (
				495D7CA02105E22E0082064F /* Debug */,
				495D7CA12105E22E0082064F /* Release */,
			);
			defaultConfigurationIsVisible = 0;
			defaultConfigurationName = Release;
		};
		495D7CA22105E22E0082064F /* Build configuration list for PBXNativeTarget "BBCNewsFeedUITests" */ = {
			isa = XCConfigurationList;
			buildConfigurations = (
				495D7CA32105E22E0082064F /* Debug */,
				495D7CA42105E22E0082064F /* Release */,
			);
			defaultConfigurationIsVisible = 0;
			defaultConfigurationName = Release;
		};
/* End XCConfigurationList section */
	};
	rootObject = 495D7C6C2105E22D0082064F /* Project object */;
}
